// !$*UTF8*$!
{
	archiveVersion = 1;
	classes = {
	};
	objectVersion = 48;
	objects = {

/* Begin PBXBuildFile section */
		60AE800F203D2A2F000111C8 /* AppDelegate.m in Sources */ = {isa = PBXBuildFile; fileRef = 60AE800E203D2A2F000111C8 /* AppDelegate.m */; };
		60AE8012203D2A2F000111C8 /* ViewController.mm in Sources */ = {isa = PBXBuildFile; fileRef = 60AE8011203D2A2F000111C8 /* ViewController.mm */; };
		60AE8015203D2A2F000111C8 /* Main.storyboard in Resources */ = {isa = PBXBuildFile; fileRef = 60AE8013203D2A2F000111C8 /* Main.storyboard */; };
		60AE8017203D2A2F000111C8 /* Assets.xcassets in Resources */ = {isa = PBXBuildFile; fileRef = 60AE8016203D2A2F000111C8 /* Assets.xcassets */; };
		60AE801A203D2A2F000111C8 /* LaunchScreen.storyboard in Resources */ = {isa = PBXBuildFile; fileRef = 60AE8018203D2A2F000111C8 /* LaunchScreen.storyboard */; };
		60AE801D203D2A2F000111C8 /* main.m in Sources */ = {isa = PBXBuildFile; fileRef = 60AE801C203D2A2F000111C8 /* main.m */; };
		60AE8024203D2ED6000111C8 /* opencv2.framework in Frameworks */ = {isa = PBXBuildFile; fileRef = 60AE8023203D2ED6000111C8 /* opencv2.framework */; };
		60AE8026203D2EF0000111C8 /* libPods-FaceTrackerSampleApp.a in Frameworks */ = {isa = PBXBuildFile; fileRef = 6851D4FCBA36E4E415726EC0 /* libPods-FaceTrackerSampleApp.a */; };
		60AE8028203D2EF5000111C8 /* Accelerate.framework in Frameworks */ = {isa = PBXBuildFile; fileRef = 60AE8027203D2EF5000111C8 /* Accelerate.framework */; };
		60AE8030203D33A7000111C8 /* FaceAnalyzer.cpp in Sources */ = {isa = PBXBuildFile; fileRef = 60AE802E203D33A7000111C8 /* FaceAnalyzer.cpp */; };
		60AE96B6203D38A1000111C8 /* source.cpp in Sources */ = {isa = PBXBuildFile; fileRef = 60AE91BF203D389F000111C8 /* source.cpp */; };
/* End PBXBuildFile section */

/* Begin PBXFileReference section */
		3BDD54D0C52D3946015405ED /* Pods-FaceTrackerSampleApp.debug.xcconfig */ = {isa = PBXFileReference; includeInIndex = 1; lastKnownFileType = text.xcconfig; name = "Pods-FaceTrackerSampleApp.debug.xcconfig"; path = "Pods/Target Support Files/Pods-FaceTrackerSampleApp/Pods-FaceTrackerSampleApp.debug.xcconfig"; sourceTree = "<group>"; };
		49D1DEB728E562B6F8568C55 /* Pods-FaceTrackerSampleApp.release.xcconfig */ = {isa = PBXFileReference; includeInIndex = 1; lastKnownFileType = text.xcconfig; name = "Pods-FaceTrackerSampleApp.release.xcconfig"; path = "Pods/Target Support Files/Pods-FaceTrackerSampleApp/Pods-FaceTrackerSampleApp.release.xcconfig"; sourceTree = "<group>"; };
		60AE800A203D2A2F000111C8 /* FaceTrackerSampleApp.app */ = {isa = PBXFileReference; explicitFileType = wrapper.application; includeInIndex = 0; path = FaceTrackerSampleApp.app; sourceTree = BUILT_PRODUCTS_DIR; };
		60AE800D203D2A2F000111C8 /* AppDelegate.h */ = {isa = PBXFileReference; lastKnownFileType = sourcecode.c.h; path = AppDelegate.h; sourceTree = "<group>"; };
		60AE800E203D2A2F000111C8 /* AppDelegate.m */ = {isa = PBXFileReference; lastKnownFileType = sourcecode.c.objc; path = AppDelegate.m; sourceTree = "<group>"; };
		60AE8010203D2A2F000111C8 /* ViewController.h */ = {isa = PBXFileReference; lastKnownFileType = sourcecode.c.h; path = ViewController.h; sourceTree = "<group>"; };
		60AE8011203D2A2F000111C8 /* ViewController.mm */ = {isa = PBXFileReference; lastKnownFileType = sourcecode.cpp.objcpp; path = ViewController.mm; sourceTree = "<group>"; };
		60AE8014203D2A2F000111C8 /* Base */ = {isa = PBXFileReference; lastKnownFileType = file.storyboard; name = Base; path = Base.lproj/Main.storyboard; sourceTree = "<group>"; };
		60AE8016203D2A2F000111C8 /* Assets.xcassets */ = {isa = PBXFileReference; lastKnownFileType = folder.assetcatalog; path = Assets.xcassets; sourceTree = "<group>"; };
		60AE8019203D2A2F000111C8 /* Base */ = {isa = PBXFileReference; lastKnownFileType = file.storyboard; name = Base; path = Base.lproj/LaunchScreen.storyboard; sourceTree = "<group>"; };
		60AE801B203D2A2F000111C8 /* Info.plist */ = {isa = PBXFileReference; lastKnownFileType = text.plist.xml; path = Info.plist; sourceTree = "<group>"; };
		60AE801C203D2A2F000111C8 /* main.m */ = {isa = PBXFileReference; lastKnownFileType = sourcecode.c.objc; path = main.m; sourceTree = "<group>"; };
		60AE8023203D2ED6000111C8 /* opencv2.framework */ = {isa = PBXFileReference; lastKnownFileType = wrapper.framework; name = opencv2.framework; path = Pods/OpenCV/opencv2.framework; sourceTree = "<group>"; };
		60AE8027203D2EF5000111C8 /* Accelerate.framework */ = {isa = PBXFileReference; lastKnownFileType = wrapper.framework; name = Accelerate.framework; path = System/Library/Frameworks/Accelerate.framework; sourceTree = SDKROOT; };
		60AE8029203D3172000111C8 /* Face.h */ = {isa = PBXFileReference; lastKnownFileType = sourcecode.c.h; path = Face.h; sourceTree = "<group>"; };
		60AE802E203D33A7000111C8 /* FaceAnalyzer.cpp */ = {isa = PBXFileReference; lastKnownFileType = sourcecode.cpp.cpp; path = FaceAnalyzer.cpp; sourceTree = "<group>"; };
		60AE802F203D33A7000111C8 /* FaceAnalyzer.hpp */ = {isa = PBXFileReference; lastKnownFileType = sourcecode.cpp.h; path = FaceAnalyzer.hpp; sourceTree = "<group>"; };
		60AE91BF203D389F000111C8 /* source.cpp */ = {isa = PBXFileReference; fileEncoding = 4; lastKnownFileType = sourcecode.cpp.cpp; path = source.cpp; sourceTree = "<group>"; };
		6851D4FCBA36E4E415726EC0 /* libPods-FaceTrackerSampleApp.a */ = {isa = PBXFileReference; explicitFileType = archive.ar; includeInIndex = 0; path = "libPods-FaceTrackerSampleApp.a"; sourceTree = BUILT_PRODUCTS_DIR; };
/* End PBXFileReference section */

/* Begin PBXFrameworksBuildPhase section */
		60AE8007203D2A2F000111C8 /* Frameworks */ = {
			isa = PBXFrameworksBuildPhase;
			buildActionMask = 2147483647;
			files = (
				60AE8028203D2EF5000111C8 /* Accelerate.framework in Frameworks */,
				60AE8026203D2EF0000111C8 /* libPods-FaceTrackerSampleApp.a in Frameworks */,
				60AE8024203D2ED6000111C8 /* opencv2.framework in Frameworks */,
			);
			runOnlyForDeploymentPostprocessing = 0;
		};
/* End PBXFrameworksBuildPhase section */

/* Begin PBXGroup section */
		60AE8001203D2A2F000111C8 = {
			isa = PBXGroup;
			children = (
				60AE800C203D2A2F000111C8 /* FaceTrackerSampleApp */,
				60AE800B203D2A2F000111C8 /* Products */,
				DF0C31047A24F29D09A32814 /* Pods */,
				C18FF5A75E1F5EE245F69CDC /* Frameworks */,
			);
			sourceTree = "<group>";
		};
		60AE800B203D2A2F000111C8 /* Products */ = {
			isa = PBXGroup;
			children = (
				60AE800A203D2A2F000111C8 /* FaceTrackerSampleApp.app */,
			);
			name = Products;
			sourceTree = "<group>";
		};
		60AE800C203D2A2F000111C8 /* FaceTrackerSampleApp */ = {
			isa = PBXGroup;
			children = (
				60AE800D203D2A2F000111C8 /* AppDelegate.h */,
				60AE800E203D2A2F000111C8 /* AppDelegate.m */,
				60AE8010203D2A2F000111C8 /* ViewController.h */,
				60AE8011203D2A2F000111C8 /* ViewController.mm */,
				60AE8013203D2A2F000111C8 /* Main.storyboard */,
				60AE8016203D2A2F000111C8 /* Assets.xcassets */,
				60AE8018203D2A2F000111C8 /* LaunchScreen.storyboard */,
				60AE801B203D2A2F000111C8 /* Info.plist */,
				60AE801C203D2A2F000111C8 /* main.m */,
				60AE8F87203D389F000111C8 /* dlib */,
				60AE802D203D3358000111C8 /* FaceAnayzer */,
			);
			path = FaceTrackerSampleApp;
			sourceTree = "<group>";
		};
		60AE802D203D3358000111C8 /* FaceAnayzer */ = {
			isa = PBXGroup;
			children = (
				60AE8029203D3172000111C8 /* Face.h */,
				60AE802E203D33A7000111C8 /* FaceAnalyzer.cpp */,
				60AE802F203D33A7000111C8 /* FaceAnalyzer.hpp */,
			);
			path = FaceAnayzer;
			sourceTree = "<group>";
		};
		60AE8F87203D389F000111C8 /* dlib */ = {
			isa = PBXGroup;
			children = (
				60AE91BE203D389F000111C8 /* all */,
			);
			name = dlib;
			path = dlib/dlib;
			sourceTree = "<group>";
		};
		60AE91BE203D389F000111C8 /* all */ = {
			isa = PBXGroup;
			children = (
				60AE91BF203D389F000111C8 /* source.cpp */,
			);
			path = all;
			sourceTree = "<group>";
		};
		C18FF5A75E1F5EE245F69CDC /* Frameworks */ = {
			isa = PBXGroup;
			children = (
				60AE8027203D2EF5000111C8 /* Accelerate.framework */,
				60AE8023203D2ED6000111C8 /* opencv2.framework */,
				6851D4FCBA36E4E415726EC0 /* libPods-FaceTrackerSampleApp.a */,
			);
			name = Frameworks;
			sourceTree = "<group>";
		};
		DF0C31047A24F29D09A32814 /* Pods */ = {
			isa = PBXGroup;
			children = (
				3BDD54D0C52D3946015405ED /* Pods-FaceTrackerSampleApp.debug.xcconfig */,
				49D1DEB728E562B6F8568C55 /* Pods-FaceTrackerSampleApp.release.xcconfig */,
			);
			name = Pods;
			sourceTree = "<group>";
		};
/* End PBXGroup section */

/* Begin PBXNativeTarget section */
		60AE8009203D2A2F000111C8 /* FaceTrackerSampleApp */ = {
			isa = PBXNativeTarget;
			buildConfigurationList = 60AE8020203D2A2F000111C8 /* Build configuration list for PBXNativeTarget "FaceTrackerSampleApp" */;
			buildPhases = (
				37544B801AFC74C6D008CAD9 /* [CP] Check Pods Manifest.lock */,
				60AE8006203D2A2F000111C8 /* Sources */,
				60AE8007203D2A2F000111C8 /* Frameworks */,
				60AE8008203D2A2F000111C8 /* Resources */,
				F29CC0467C06AFAC90D88CEC /* [CP] Embed Pods Frameworks */,
				81F44C501E0CF7E1E813FB04 /* [CP] Copy Pods Resources */,
			);
			buildRules = (
			);
			dependencies = (
			);
			name = FaceTrackerSampleApp;
			productName = FaceTrackerSampleApp;
			productReference = 60AE800A203D2A2F000111C8 /* FaceTrackerSampleApp.app */;
			productType = "com.apple.product-type.application";
		};
/* End PBXNativeTarget section */

/* Begin PBXProject section */
		60AE8002203D2A2F000111C8 /* Project object */ = {
			isa = PBXProject;
			attributes = {
				LastUpgradeCheck = 0920;
				ORGANIZATIONNAME = Chihiro;
				TargetAttributes = {
					60AE8009203D2A2F000111C8 = {
						CreatedOnToolsVersion = 9.2;
						ProvisioningStyle = Automatic;
					};
				};
			};
			buildConfigurationList = 60AE8005203D2A2F000111C8 /* Build configuration list for PBXProject "FaceTrackerSampleApp" */;
			compatibilityVersion = "Xcode 8.0";
			developmentRegion = en;
			hasScannedForEncodings = 0;
			knownRegions = (
				en,
				Base,
			);
			mainGroup = 60AE8001203D2A2F000111C8;
			productRefGroup = 60AE800B203D2A2F000111C8 /* Products */;
			projectDirPath = "";
			projectRoot = "";
			targets = (
				60AE8009203D2A2F000111C8 /* FaceTrackerSampleApp */,
			);
		};
/* End PBXProject section */

/* Begin PBXResourcesBuildPhase section */
		60AE8008203D2A2F000111C8 /* Resources */ = {
			isa = PBXResourcesBuildPhase;
			buildActionMask = 2147483647;
			files = (
				60AE801A203D2A2F000111C8 /* LaunchScreen.storyboard in Resources */,
				60AE8017203D2A2F000111C8 /* Assets.xcassets in Resources */,
				60AE8015203D2A2F000111C8 /* Main.storyboard in Resources */,
			);
			runOnlyForDeploymentPostprocessing = 0;
		};
/* End PBXResourcesBuildPhase section */

/* Begin PBXShellScriptBuildPhase section */
		37544B801AFC74C6D008CAD9 /* [CP] Check Pods Manifest.lock */ = {
			isa = PBXShellScriptBuildPhase;
			buildActionMask = 2147483647;
			files = (
			);
			inputPaths = (
				"${PODS_PODFILE_DIR_PATH}/Podfile.lock",
				"${PODS_ROOT}/Manifest.lock",
			);
			name = "[CP] Check Pods Manifest.lock";
			outputPaths = (
				"$(DERIVED_FILE_DIR)/Pods-FaceTrackerSampleApp-checkManifestLockResult.txt",
			);
			runOnlyForDeploymentPostprocessing = 0;
			shellPath = /bin/sh;
			shellScript = "diff \"${PODS_PODFILE_DIR_PATH}/Podfile.lock\" \"${PODS_ROOT}/Manifest.lock\" > /dev/null\nif [ $? != 0 ] ; then\n    # print error to STDERR\n    echo \"error: The sandbox is not in sync with the Podfile.lock. Run 'pod install' or update your CocoaPods installation.\" >&2\n    exit 1\nfi\n# This output is used by Xcode 'outputs' to avoid re-running this script phase.\necho \"SUCCESS\" > \"${SCRIPT_OUTPUT_FILE_0}\"\n";
			showEnvVarsInLog = 0;
		};
		81F44C501E0CF7E1E813FB04 /* [CP] Copy Pods Resources */ = {
			isa = PBXShellScriptBuildPhase;
			buildActionMask = 2147483647;
			files = (
			);
			inputPaths = (
			);
			name = "[CP] Copy Pods Resources";
			outputPaths = (
			);
			runOnlyForDeploymentPostprocessing = 0;
			shellPath = /bin/sh;
			shellScript = "\"${SRCROOT}/Pods/Target Support Files/Pods-FaceTrackerSampleApp/Pods-FaceTrackerSampleApp-resources.sh\"\n";
			showEnvVarsInLog = 0;
		};
		F29CC0467C06AFAC90D88CEC /* [CP] Embed Pods Frameworks */ = {
			isa = PBXShellScriptBuildPhase;
			buildActionMask = 2147483647;
			files = (
			);
			inputPaths = (
			);
			name = "[CP] Embed Pods Frameworks";
			outputPaths = (
			);
			runOnlyForDeploymentPostprocessing = 0;
			shellPath = /bin/sh;
			shellScript = "\"${SRCROOT}/Pods/Target Support Files/Pods-FaceTrackerSampleApp/Pods-FaceTrackerSampleApp-frameworks.sh\"\n";
			showEnvVarsInLog = 0;
		};
/* End PBXShellScriptBuildPhase section */

/* Begin PBXSourcesBuildPhase section */
		60AE8006203D2A2F000111C8 /* Sources */ = {
			isa = PBXSourcesBuildPhase;
			buildActionMask = 2147483647;
			files = (
				60AE8012203D2A2F000111C8 /* ViewController.mm in Sources */,
				60AE96B6203D38A1000111C8 /* source.cpp in Sources */,
				60AE801D203D2A2F000111C8 /* main.m in Sources */,
				60AE8030203D33A7000111C8 /* FaceAnalyzer.cpp in Sources */,
				60AE800F203D2A2F000111C8 /* AppDelegate.m in Sources */,
			);
			runOnlyForDeploymentPostprocessing = 0;
		};
/* End PBXSourcesBuildPhase section */

/* Begin PBXVariantGroup section */
		60AE8013203D2A2F000111C8 /* Main.storyboard */ = {
			isa = PBXVariantGroup;
			children = (
				60AE8014203D2A2F000111C8 /* Base */,
			);
			name = Main.storyboard;
			sourceTree = "<group>";
		};
		60AE8018203D2A2F000111C8 /* LaunchScreen.storyboard */ = {
			isa = PBXVariantGroup;
			children = (
				60AE8019203D2A2F000111C8 /* Base */,
			);
			name = LaunchScreen.storyboard;
			sourceTree = "<group>";
		};
/* End PBXVariantGroup section */

/* Begin XCBuildConfiguration section */
		60AE801E203D2A2F000111C8 /* Debug */ = {
			isa = XCBuildConfiguration;
			buildSettings = {
				ALWAYS_SEARCH_USER_PATHS = NO;
				CLANG_ANALYZER_NONNULL = YES;
				CLANG_ANALYZER_NUMBER_OBJECT_CONVERSION = YES_AGGRESSIVE;
				CLANG_CXX_LANGUAGE_STANDARD = "gnu++14";
				CLANG_CXX_LIBRARY = "libc++";
				CLANG_ENABLE_MODULES = YES;
				CLANG_ENABLE_OBJC_ARC = YES;
				CLANG_WARN_BLOCK_CAPTURE_AUTORELEASING = YES;
				CLANG_WARN_BOOL_CONVERSION = YES;
				CLANG_WARN_COMMA = YES;
				CLANG_WARN_CONSTANT_CONVERSION = YES;
				CLANG_WARN_DIRECT_OBJC_ISA_USAGE = YES_ERROR;
				CLANG_WARN_DOCUMENTATION_COMMENTS = YES;
				CLANG_WARN_EMPTY_BODY = YES;
				CLANG_WARN_ENUM_CONVERSION = YES;
				CLANG_WARN_INFINITE_RECURSION = YES;
				CLANG_WARN_INT_CONVERSION = YES;
				CLANG_WARN_NON_LITERAL_NULL_CONVERSION = YES;
				CLANG_WARN_OBJC_LITERAL_CONVERSION = YES;
				CLANG_WARN_OBJC_ROOT_CLASS = YES_ERROR;
				CLANG_WARN_RANGE_LOOP_ANALYSIS = YES;
				CLANG_WARN_STRICT_PROTOTYPES = YES;
				CLANG_WARN_SUSPICIOUS_MOVE = YES;
				CLANG_WARN_UNGUARDED_AVAILABILITY = YES_AGGRESSIVE;
				CLANG_WARN_UNREACHABLE_CODE = YES;
				CLANG_WARN__DUPLICATE_METHOD_MATCH = YES;
				CODE_SIGN_IDENTITY = "iPhone Developer";
				COPY_PHASE_STRIP = NO;
				DEBUG_INFORMATION_FORMAT = dwarf;
				ENABLE_STRICT_OBJC_MSGSEND = YES;
				ENABLE_TESTABILITY = YES;
				GCC_C_LANGUAGE_STANDARD = gnu11;
				GCC_DYNAMIC_NO_PIC = NO;
				GCC_NO_COMMON_BLOCKS = YES;
				GCC_OPTIMIZATION_LEVEL = 0;
				GCC_PREPROCESSOR_DEFINITIONS = (
					"DEBUG=1",
					"$(inherited)",
				);
				GCC_WARN_64_TO_32_BIT_CONVERSION = YES;
				GCC_WARN_ABOUT_RETURN_TYPE = YES_ERROR;
				GCC_WARN_UNDECLARED_SELECTOR = YES;
				GCC_WARN_UNINITIALIZED_AUTOS = YES_AGGRESSIVE;
				GCC_WARN_UNUSED_FUNCTION = YES;
				GCC_WARN_UNUSED_VARIABLE = YES;
				IPHONEOS_DEPLOYMENT_TARGET = 10.0;
				MTL_ENABLE_DEBUG_INFO = YES;
				ONLY_ACTIVE_ARCH = YES;
				SDKROOT = iphoneos;
			};
			name = Debug;
		};
		60AE801F203D2A2F000111C8 /* Release */ = {
			isa = XCBuildConfiguration;
			buildSettings = {
				ALWAYS_SEARCH_USER_PATHS = NO;
				CLANG_ANALYZER_NONNULL = YES;
				CLANG_ANALYZER_NUMBER_OBJECT_CONVERSION = YES_AGGRESSIVE;
				CLANG_CXX_LANGUAGE_STANDARD = "gnu++14";
				CLANG_CXX_LIBRARY = "libc++";
				CLANG_ENABLE_MODULES = YES;
				CLANG_ENABLE_OBJC_ARC = YES;
				CLANG_WARN_BLOCK_CAPTURE_AUTORELEASING = YES;
				CLANG_WARN_BOOL_CONVERSION = YES;
				CLANG_WARN_COMMA = YES;
				CLANG_WARN_CONSTANT_CONVERSION = YES;
				CLANG_WARN_DIRECT_OBJC_ISA_USAGE = YES_ERROR;
				CLANG_WARN_DOCUMENTATION_COMMENTS = YES;
				CLANG_WARN_EMPTY_BODY = YES;
				CLANG_WARN_ENUM_CONVERSION = YES;
				CLANG_WARN_INFINITE_RECURSION = YES;
				CLANG_WARN_INT_CONVERSION = YES;
				CLANG_WARN_NON_LITERAL_NULL_CONVERSION = YES;
				CLANG_WARN_OBJC_LITERAL_CONVERSION = YES;
				CLANG_WARN_OBJC_ROOT_CLASS = YES_ERROR;
				CLANG_WARN_RANGE_LOOP_ANALYSIS = YES;
				CLANG_WARN_STRICT_PROTOTYPES = YES;
				CLANG_WARN_SUSPICIOUS_MOVE = YES;
				CLANG_WARN_UNGUARDED_AVAILABILITY = YES_AGGRESSIVE;
				CLANG_WARN_UNREACHABLE_CODE = YES;
				CLANG_WARN__DUPLICATE_METHOD_MATCH = YES;
				CODE_SIGN_IDENTITY = "iPhone Developer";
				COPY_PHASE_STRIP = NO;
				DEBUG_INFORMATION_FORMAT = "dwarf-with-dsym";
				ENABLE_NS_ASSERTIONS = NO;
				ENABLE_STRICT_OBJC_MSGSEND = YES;
				GCC_C_LANGUAGE_STANDARD = gnu11;
				GCC_NO_COMMON_BLOCKS = YES;
				GCC_WARN_64_TO_32_BIT_CONVERSION = YES;
				GCC_WARN_ABOUT_RETURN_TYPE = YES_ERROR;
				GCC_WARN_UNDECLARED_SELECTOR = YES;
				GCC_WARN_UNINITIALIZED_AUTOS = YES_AGGRESSIVE;
				GCC_WARN_UNUSED_FUNCTION = YES;
				GCC_WARN_UNUSED_VARIABLE = YES;
				IPHONEOS_DEPLOYMENT_TARGET = 10.0;
				MTL_ENABLE_DEBUG_INFO = NO;
				SDKROOT = iphoneos;
				VALIDATE_PRODUCT = YES;
			};
			name = Release;
		};
		60AE8021203D2A2F000111C8 /* Debug */ = {
			isa = XCBuildConfiguration;
			baseConfigurationReference = 3BDD54D0C52D3946015405ED /* Pods-FaceTrackerSampleApp.debug.xcconfig */;
			buildSettings = {
				ASSETCATALOG_COMPILER_APPICON_NAME = AppIcon;
				CODE_SIGN_STYLE = Automatic;
				DEVELOPMENT_TEAM = GDYU937CV9;
				ENABLE_BITCODE = NO;
				FRAMEWORK_SEARCH_PATHS = (
					"$(inherited)",
					"$(PROJECT_DIR)/Pods/OpenCV",
				);
				GCC_PREPROCESSOR_DEFINITIONS = "DLIB_NO_GUI_SUPPORT=1";
				HEADER_SEARCH_PATHS = (
					"$(inherited)",
					"\"${PODS_ROOT}/Headers/Public\"",
					"\"${PODS_ROOT}/Headers/Public/OpenCV\"",
					"$(SRCROOT)/FaceTrackerSampleApp/dlib",
				);
				INFOPLIST_FILE = FaceTrackerSampleApp/Info.plist;
				LD_RUNPATH_SEARCH_PATHS = "$(inherited) @executable_path/Frameworks";
				PRODUCT_BUNDLE_IDENTIFIER = jp.chhrshmmr.FaceTrackerSampleApp;
				PRODUCT_NAME = "$(TARGET_NAME)";
				TARGETED_DEVICE_FAMILY = "1,2";
			};
			name = Debug;
		};
		60AE8022203D2A2F000111C8 /* Release */ = {
			isa = XCBuildConfiguration;
			baseConfigurationReference = 49D1DEB728E562B6F8568C55 /* Pods-FaceTrackerSampleApp.release.xcconfig */;
			buildSettings = {
				ASSETCATALOG_COMPILER_APPICON_NAME = AppIcon;
				CODE_SIGN_STYLE = Automatic;
				DEVELOPMENT_TEAM = GDYU937CV9;
				ENABLE_BITCODE = NO;
				FRAMEWORK_SEARCH_PATHS = (
					"$(inherited)",
					"$(PROJECT_DIR)/Pods/OpenCV",
				);
				GCC_PREPROCESSOR_DEFINITIONS = "DLIB_NO_GUI_SUPPORT=1";
				HEADER_SEARCH_PATHS = (
					"$(inherited)",
					"\"${PODS_ROOT}/Headers/Public\"",
					"\"${PODS_ROOT}/Headers/Public/OpenCV\"",
					"$(SRCROOT)/FaceTrackerSampleApp/dlib",
				);
				INFOPLIST_FILE = FaceTrackerSampleApp/Info.plist;
				LD_RUNPATH_SEARCH_PATHS = "$(inherited) @executable_path/Frameworks";
				PRODUCT_BUNDLE_IDENTIFIER = jp.chhrshmmr.FaceTrackerSampleApp;
				PRODUCT_NAME = "$(TARGET_NAME)";
				TARGETED_DEVICE_FAMILY = "1,2";
			};
			name = Release;
		};
/* End XCBuildConfiguration section */

/* Begin XCConfigurationList section */
		60AE8005203D2A2F000111C8 /* Build configuration list for PBXProject "FaceTrackerSampleApp" */ = {
			isa = XCConfigurationList;
			buildConfigurations = (
				60AE801E203D2A2F000111C8 /* Debug */,
				60AE801F203D2A2F000111C8 /* Release */,
			);
			defaultConfigurationIsVisible = 0;
			defaultConfigurationName = Release;
		};
		60AE8020203D2A2F000111C8 /* Build configuration list for PBXNativeTarget "FaceTrackerSampleApp" */ = {
			isa = XCConfigurationList;
			buildConfigurations = (
				60AE8021203D2A2F000111C8 /* Debug */,
				60AE8022203D2A2F000111C8 /* Release */,
			);
			defaultConfigurationIsVisible = 0;
			defaultConfigurationName = Release;
		};
/* End XCConfigurationList section */
	};
	rootObject = 60AE8002203D2A2F000111C8 /* Project object */;
}
